
Microsoft Visual Studio Solution File, Format Version 12.00
# Visual Studio 2013
VisualStudioVersion = 12.0.30501.0
MinimumVisualStudioVersion = 10.0.40219.1
Project("{FAE04EC0-301F-11D3-BF4B-00C04F79EFBC}") = "PrimeFactorsFileParser", "PrimeFactorsFileParser.csproj", "{48870825-FDF4-4CB4-97F0-5C8AA603A969}"
EndProject
Project("{FAE04EC0-301F-11D3-BF4B-00C04F79EFBC}") = "PrimeFactorsFileParser.Tests", "..\PrimeFactorsFileParser.Tests\PrimeFactorsFileParser.Tests.csproj", "{A0A1E8D2-8521-4840-8F61-EFA87AF1BB87}"
EndProject
Project("{2150E333-8FDC-42A3-9474-1A3956D46DE8}") = ".nuget", ".nuget", "{883255BA-6AE3-48A3-8909-D24F07D04226}"
	ProjectSection(SolutionItems) = preProject
		.nuget\NuGet.Config = .nuget\NuGet.Config
		.nuget\NuGet.exe = .nuget\NuGet.exe
		.nuget\NuGet.targets = .nuget\NuGet.targets
	EndProjectSection
EndProject
Global
	GlobalSection(SolutionConfigurationPlatforms) = preSolution
		Debug|Any CPU = Debug|Any CPU
		Release|Any CPU = Release|Any CPU
	EndGlobalSection
	GlobalSection(ProjectConfigurationPlatforms) = postSolution
		{48870825-FDF4-4CB4-97F0-5C8AA603A969}.Debug|Any CPU.ActiveCfg = Debug|Any CPU
		{48870825-FDF4-4CB4-97F0-5C8AA603A969}.Debug|Any CPU.Build.0 = Debug|Any CPU
		{48870825-FDF4-4CB4-97F0-5C8AA603A969}.Release|Any CPU.ActiveCfg = Release|Any CPU
		{48870825-FDF4-4CB4-97F0-5C8AA603A969}.Release|Any CPU.Build.0 = Release|Any CPU
		{A0A1E8D2-8521-4840-8F61-EFA87AF1BB87}.Debug|Any CPU.ActiveCfg = Debug|Any CPU
		{A0A1E8D2-8521-4840-8F61-EFA87AF1BB87}.Debug|Any CPU.Build.0 = Debug|Any CPU
		{A0A1E8D2-8521-4840-8F61-EFA87AF1BB87}.Release|Any CPU.ActiveCfg = Release|Any CPU
		{A0A1E8D2-8521-4840-8F61-EFA87AF1BB87}.Release|Any CPU.Build.0 = Release|Any CPU
	EndGlobalSection
	GlobalSection(SolutionProperties) = preSolution
		HideSolutionNode = FALSE
	EndGlobalSection
EndGlobal
